
Microsoft Visual Studio Solution File, Format Version 12.00
# Visual Studio Version 17
VisualStudioVersion = 17.3.32922.545
MinimumVisualStudioVersion = 10.0.40219.1
Project("{FAE04EC0-301F-11D3-BF4B-00C04F79EFBC}") = "BookStoreBackend", "BookStoreBackend\BookStoreBackend.csproj", "{F9FEFA2E-F399-42A3-A854-214739836930}"
EndProject
Project("{FAE04EC0-301F-11D3-BF4B-00C04F79EFBC}") = "Business Layer", "Business Layer\Business Layer.csproj", "{A62B3D5A-EEC6-4133-A785-367AE7466EE1}"
EndProject
Project("{FAE04EC0-301F-11D3-BF4B-00C04F79EFBC}") = "Repository Layer", "Repository Layer\Repository Layer.csproj", "{76AAE25A-B07E-4015-A80B-407A86DF8FD1}"
EndProject
Project("{FAE04EC0-301F-11D3-BF4B-00C04F79EFBC}") = "Common Layer", "Common Layer\Common Layer.csproj", "{F094E3EA-4F22-4ED9-BF8F-DD9726B39EB8}"
EndProject
Global
	GlobalSection(SolutionConfigurationPlatforms) = preSolution
		Debug|Any CPU = Debug|Any CPU
		Release|Any CPU = Release|Any CPU
	EndGlobalSection
	GlobalSection(ProjectConfigurationPlatforms) = postSolution
		{F9FEFA2E-F399-42A3-A854-214739836930}.Debug|Any CPU.ActiveCfg = Debug|Any CPU
		{F9FEFA2E-F399-42A3-A854-214739836930}.Debug|Any CPU.Build.0 = Debug|Any CPU
		{F9FEFA2E-F399-42A3-A854-214739836930}.Release|Any CPU.ActiveCfg = Release|Any CPU
		{F9FEFA2E-F399-42A3-A854-214739836930}.Release|Any CPU.Build.0 = Release|Any CPU
		{A62B3D5A-EEC6-4133-A785-367AE7466EE1}.Debug|Any CPU.ActiveCfg = Debug|Any CPU
		{A62B3D5A-EEC6-4133-A785-367AE7466EE1}.Debug|Any CPU.Build.0 = Debug|Any CPU
		{A62B3D5A-EEC6-4133-A785-367AE7466EE1}.Release|Any CPU.ActiveCfg = Release|Any CPU
		{A62B3D5A-EEC6-4133-A785-367AE7466EE1}.Release|Any CPU.Build.0 = Release|Any CPU
		{76AAE25A-B07E-4015-A80B-407A86DF8FD1}.Debug|Any CPU.ActiveCfg = Debug|Any CPU
		{76AAE25A-B07E-4015-A80B-407A86DF8FD1}.Debug|Any CPU.Build.0 = Debug|Any CPU
		{76AAE25A-B07E-4015-A80B-407A86DF8FD1}.Release|Any CPU.ActiveCfg = Release|Any CPU
		{76AAE25A-B07E-4015-A80B-407A86DF8FD1}.Release|Any CPU.Build.0 = Release|Any CPU
		{F094E3EA-4F22-4ED9-BF8F-DD9726B39EB8}.Debug|Any CPU.ActiveCfg = Debug|Any CPU
		{F094E3EA-4F22-4ED9-BF8F-DD9726B39EB8}.Debug|Any CPU.Build.0 = Debug|Any CPU
		{F094E3EA-4F22-4ED9-BF8F-DD9726B39EB8}.Release|Any CPU.ActiveCfg = Release|Any CPU
		{F094E3EA-4F22-4ED9-BF8F-DD9726B39EB8}.Release|Any CPU.Build.0 = Release|Any CPU
	EndGlobalSection
	GlobalSection(SolutionProperties) = preSolution
		HideSolutionNode = FALSE
	EndGlobalSection
	GlobalSection(ExtensibilityGlobals) = postSolution
		SolutionGuid = {E968CFDF-BD92-4B1D-9627-60130C2CDC29}
	EndGlobalSection
EndGlobal
